
Microsoft Visual Studio Solution File, Format Version 12.00
# Visual Studio Version 17
VisualStudioVersion = 17.0.31903.59
MinimumVisualStudioVersion = 10.0.40219.1
Project("{2150E333-8FDC-42A3-9474-1A3956D46DE8}") = "src", "src", "{827E0CD3-B72D-47B6-A68D-7590B98EB39B}"
EndProject
Project("{FAE04EC0-301F-11D3-BF4B-00C04F79EFBC}") = "Chess.Engine", "src\Chess.Engine\Chess.Engine.csproj", "{21BCFABF-4273-4344-B18D-BA251F530922}"
EndProject
Project("{FAE04EC0-301F-11D3-BF4B-00C04F79EFBC}") = "Chess.Web", "src\Chess.Web\Chess.Web.csproj", "{65185145-A8E5-4004-AA93-DBFA57EC5883}"
EndProject
Project("{2150E333-8FDC-42A3-9474-1A3956D46DE8}") = "tests", "tests", "{0AB3BF05-4346-4AA6-1389-037BE0695223}"
EndProject
Project("{FAE04EC0-301F-11D3-BF4B-00C04F79EFBC}") = "Chess.Engine.Tests", "tests\Chess.Engine.Tests\Chess.Engine.Tests.csproj", "{40CFE873-2AC2-41ED-ACB4-FFD00570E2B0}"
EndProject
Project("{FAE04EC0-301F-11D3-BF4B-00C04F79EFBC}") = "Chess.Web.Tests", "tests\Chess.Web.Tests\Chess.Web.Tests.csproj", "{88B121E2-71E3-4A73-A799-DFFFAC541619}"
EndProject
Global
	GlobalSection(SolutionConfigurationPlatforms) = preSolution
		Debug|Any CPU = Debug|Any CPU
		Debug|x64 = Debug|x64
		Debug|x86 = Debug|x86
		Release|Any CPU = Release|Any CPU
		Release|x64 = Release|x64
		Release|x86 = Release|x86
	EndGlobalSection
	GlobalSection(ProjectConfigurationPlatforms) = postSolution
		{21BCFABF-4273-4344-B18D-BA251F530922}.Debug|Any CPU.ActiveCfg = Debug|Any CPU
		{21BCFABF-4273-4344-B18D-BA251F530922}.Debug|Any CPU.Build.0 = Debug|Any CPU
		{21BCFABF-4273-4344-B18D-BA251F530922}.Debug|x64.ActiveCfg = Debug|Any CPU
		{21BCFABF-4273-4344-B18D-BA251F530922}.Debug|x64.Build.0 = Debug|Any CPU
		{21BCFABF-4273-4344-B18D-BA251F530922}.Debug|x86.ActiveCfg = Debug|Any CPU
		{21BCFABF-4273-4344-B18D-BA251F530922}.Debug|x86.Build.0 = Debug|Any CPU
		{21BCFABF-4273-4344-B18D-BA251F530922}.Release|Any CPU.ActiveCfg = Release|Any CPU
		{21BCFABF-4273-4344-B18D-BA251F530922}.Release|Any CPU.Build.0 = Release|Any CPU
		{21BCFABF-4273-4344-B18D-BA251F530922}.Release|x64.ActiveCfg = Release|Any CPU
		{21BCFABF-4273-4344-B18D-BA251F530922}.Release|x64.Build.0 = Release|Any CPU
		{21BCFABF-4273-4344-B18D-BA251F530922}.Release|x86.ActiveCfg = Release|Any CPU
		{21BCFABF-4273-4344-B18D-BA251F530922}.Release|x86.Build.0 = Release|Any CPU
		{65185145-A8E5-4004-AA93-DBFA57EC5883}.Debug|Any CPU.ActiveCfg = Debug|Any CPU
		{65185145-A8E5-4004-AA93-DBFA57EC5883}.Debug|Any CPU.Build.0 = Debug|Any CPU
		{65185145-A8E5-4004-AA93-DBFA57EC5883}.Debug|x64.ActiveCfg = Debug|Any CPU
		{65185145-A8E5-4004-AA93-DBFA57EC5883}.Debug|x64.Build.0 = Debug|Any CPU
		{65185145-A8E5-4004-AA93-DBFA57EC5883}.Debug|x86.ActiveCfg = Debug|Any CPU
		{65185145-A8E5-4004-AA93-DBFA57EC5883}.Debug|x86.Build.0 = Debug|Any CPU
		{65185145-A8E5-4004-AA93-DBFA57EC5883}.Release|Any CPU.ActiveCfg = Release|Any CPU
		{65185145-A8E5-4004-AA93-DBFA57EC5883}.Release|Any CPU.Build.0 = Release|Any CPU
		{65185145-A8E5-4004-AA93-DBFA57EC5883}.Release|x64.ActiveCfg = Release|Any CPU
		{65185145-A8E5-4004-AA93-DBFA57EC5883}.Release|x64.Build.0 = Release|Any CPU
		{65185145-A8E5-4004-AA93-DBFA57EC5883}.Release|x86.ActiveCfg = Release|Any CPU
		{65185145-A8E5-4004-AA93-DBFA57EC5883}.Release|x86.Build.0 = Release|Any CPU
		{40CFE873-2AC2-41ED-ACB4-FFD00570E2B0}.Debug|Any CPU.ActiveCfg = Debug|Any CPU
		{40CFE873-2AC2-41ED-ACB4-FFD00570E2B0}.Debug|Any CPU.Build.0 = Debug|Any CPU
		{40CFE873-2AC2-41ED-ACB4-FFD00570E2B0}.Debug|x64.ActiveCfg = Debug|Any CPU
		{40CFE873-2AC2-41ED-ACB4-FFD00570E2B0}.Debug|x64.Build.0 = Debug|Any CPU
		{40CFE873-2AC2-41ED-ACB4-FFD00570E2B0}.Debug|x86.ActiveCfg = Debug|Any CPU
		{40CFE873-2AC2-41ED-ACB4-FFD00570E2B0}.Debug|x86.Build.0 = Debug|Any CPU
		{40CFE873-2AC2-41ED-ACB4-FFD00570E2B0}.Release|Any CPU.ActiveCfg = Release|Any CPU
		{40CFE873-2AC2-41ED-ACB4-FFD00570E2B0}.Release|Any CPU.Build.0 = Release|Any CPU
		{40CFE873-2AC2-41ED-ACB4-FFD00570E2B0}.Release|x64.ActiveCfg = Release|Any CPU
		{40CFE873-2AC2-41ED-ACB4-FFD00570E2B0}.Release|x64.Build.0 = Release|Any CPU
		{40CFE873-2AC2-41ED-ACB4-FFD00570E2B0}.Release|x86.ActiveCfg = Release|Any CPU
		{40CFE873-2AC2-41ED-ACB4-FFD00570E2B0}.Release|x86.Build.0 = Release|Any CPU
		{88B121E2-71E3-4A73-A799-DFFFAC541619}.Debug|Any CPU.ActiveCfg = Debug|Any CPU
		{88B121E2-71E3-4A73-A799-DFFFAC541619}.Debug|Any CPU.Build.0 = Debug|Any CPU
		{88B121E2-71E3-4A73-A799-DFFFAC541619}.Debug|x64.ActiveCfg = Debug|Any CPU
		{88B121E2-71E3-4A73-A799-DFFFAC541619}.Debug|x64.Build.0 = Debug|Any CPU
		{88B121E2-71E3-4A73-A799-DFFFAC541619}.Debug|x86.ActiveCfg = Debug|Any CPU
		{88B121E2-71E3-4A73-A799-DFFFAC541619}.Debug|x86.Build.0 = Debug|Any CPU
		{88B121E2-71E3-4A73-A799-DFFFAC541619}.Release|Any CPU.ActiveCfg = Release|Any CPU
		{88B121E2-71E3-4A73-A799-DFFFAC541619}.Release|Any CPU.Build.0 = Release|Any CPU
		{88B121E2-71E3-4A73-A799-DFFFAC541619}.Release|x64.ActiveCfg = Release|Any CPU
		{88B121E2-71E3-4A73-A799-DFFFAC541619}.Release|x64.Build.0 = Release|Any CPU
		{88B121E2-71E3-4A73-A799-DFFFAC541619}.Release|x86.ActiveCfg = Release|Any CPU
		{88B121E2-71E3-4A73-A799-DFFFAC541619}.Release|x86.Build.0 = Release|Any CPU
	EndGlobalSection
	GlobalSection(SolutionProperties) = preSolution
		HideSolutionNode = FALSE
	EndGlobalSection
	GlobalSection(NestedProjects) = preSolution
		{21BCFABF-4273-4344-B18D-BA251F530922} = {827E0CD3-B72D-47B6-A68D-7590B98EB39B}
		{65185145-A8E5-4004-AA93-DBFA57EC5883} = {827E0CD3-B72D-47B6-A68D-7590B98EB39B}
		{40CFE873-2AC2-41ED-ACB4-FFD00570E2B0} = {0AB3BF05-4346-4AA6-1389-037BE0695223}
		{88B121E2-71E3-4A73-A799-DFFFAC541619} = {0AB3BF05-4346-4AA6-1389-037BE0695223}
	EndGlobalSection
EndGlobal
